{
  "name": "adventure-travels",
  "lockfileVersion": 3,
  "requires": true,
  "packages": {
    "": {
      "dependencies": {
        "@dietrichgebert/ponytail": "^4.8.4",
        "nodemailer": "^10.0.16"
      }
    },
    "node_modules/@dietrichgebert/ponytail": {
      "version": "4.8.4",
      "resolved": "https://registry.npmjs.org/@dietrichgebert/ponytail/-/ponytail-4.8.4.tgz",
      "integrity": "sha512-MALDTmDxKa2SJ8zKVekuOwWvo6+PvypNf5xeV2AtLO5OBtkt1U7DLWOeUbb9Th3H9lV80EkWoRI05yK0/dnekA==",
      "license": "MIT"
    },
    "node_modules/nodemailer": {
      "version": "10.0.16",
      "resolved": "https://registry.npmjs.org/nodemailer/-/nodemailer-10.0.16.tgz",
      "integrity": "sha512-VL9xKErxN+el77o8eBOuYKUPMyEx7F9hfnDCuiUKJRp9v3wnWMOudYgP/SWbwSHy8rUL4cylobuXtki1LpQS7A==",
      "license": "MIT-0",
      "engines": {
        "node": ">=20.0.0"
      }
    }
  }
}
